
Microsoft Visual Studio Solution File, Format Version 12.00
# Visual Studio Version 16
VisualStudioVersion = 16.0.33328.57
MinimumVisualStudioVersion = 10.0.40219.1
Project("{F184B08F-C81C-45F6-A57F-5ABD9991F28F}") = "Sistem Infomasi Wisata Celosia", "Sistem Infomasi Wisata Celosia\Sistem Infomasi Wisata Celosia.vbproj", "{27B740DB-AE8E-460B-9BD7-12F0C158938B}"
EndProject
Global
	GlobalSection(SolutionConfigurationPlatforms) = preSolution
		Debug|Any CPU = Debug|Any CPU
		Release|Any CPU = Release|Any CPU
	EndGlobalSection
	GlobalSection(ProjectConfigurationPlatforms) = postSolution
		{27B740DB-AE8E-460B-9BD7-12F0C158938B}.Debug|Any CPU.ActiveCfg = Debug|Any CPU
		{27B740DB-AE8E-460B-9BD7-12F0C158938B}.Debug|Any CPU.Build.0 = Debug|Any CPU
		{27B740DB-AE8E-460B-9BD7-12F0C158938B}.Release|Any CPU.ActiveCfg = Release|Any CPU
		{27B740DB-AE8E-460B-9BD7-12F0C158938B}.Release|Any CPU.Build.0 = Release|Any CPU
	EndGlobalSection
	GlobalSection(SolutionProperties) = preSolution
		HideSolutionNode = FALSE
	EndGlobalSection
	GlobalSection(ExtensibilityGlobals) = postSolution
		SolutionGuid = {CD0D3D08-1392-4B6A-8B00-B6F530EE3693}
	EndGlobalSection
EndGlobal
